
Microsoft Visual Studio Solution File, Format Version 12.00
# Visual Studio 15
Project("{FAE04EC0-301F-11D3-BF4B-00C04F79EFBC}") = "Assembly-CSharp", "Assembly-CSharp.csproj", "{810165BB-C00D-D053-CE81-502D63B64A67}"
EndProject
Project("{FAE04EC0-301F-11D3-BF4B-00C04F79EFBC}") = "Assembly-CSharp-Editor", "Assembly-CSharp-Editor.csproj", "{AFA58C7C-61BF-9642-4A3D-CF3137330B9F}"
EndProject
Global
	GlobalSection(SolutionConfigurationPlatforms) = preSolution
		Debug|Any CPU = Debug|Any CPU
		Release|Any CPU = Release|Any CPU
	EndGlobalSection
	GlobalSection(ProjectConfigurationPlatforms) = postSolution
		{810165BB-C00D-D053-CE81-502D63B64A67}.Debug|Any CPU.ActiveCfg = Debug|Any CPU
		{810165BB-C00D-D053-CE81-502D63B64A67}.Debug|Any CPU.Build.0 = Debug|Any CPU
		{810165BB-C00D-D053-CE81-502D63B64A67}.Release|Any CPU.ActiveCfg = Release|Any CPU
		{810165BB-C00D-D053-CE81-502D63B64A67}.Release|Any CPU.Build.0 = Release|Any CPU
		{AFA58C7C-61BF-9642-4A3D-CF3137330B9F}.Debug|Any CPU.ActiveCfg = Debug|Any CPU
		{AFA58C7C-61BF-9642-4A3D-CF3137330B9F}.Debug|Any CPU.Build.0 = Debug|Any CPU
		{AFA58C7C-61BF-9642-4A3D-CF3137330B9F}.Release|Any CPU.ActiveCfg = Release|Any CPU
		{AFA58C7C-61BF-9642-4A3D-CF3137330B9F}.Release|Any CPU.Build.0 = Release|Any CPU
	EndGlobalSection
	GlobalSection(SolutionProperties) = preSolution
		HideSolutionNode = FALSE
	EndGlobalSection
EndGlobal
